// !$*UTF8*$!
{
	archiveVersion = 1;
	classes = {
	};
	objectVersion = 46;
	objects = {

/* Begin PBXBuildFile section */
		0F6244AF6D269295B1D3A5C3 /* Pods_HackThe6ix.framework in Frameworks */ = {isa = PBXBuildFile; fileRef = F82B8E28DE4CBF25BC63A57A /* Pods_HackThe6ix.framework */; };
		461937F81D68C4A8001008F2 /* AppDelegate.swift in Sources */ = {isa = PBXBuildFile; fileRef = 461937F71D68C4A8001008F2 /* AppDelegate.swift */; };
		461937FA1D68C4A8001008F2 /* CameraVC.swift in Sources */ = {isa = PBXBuildFile; fileRef = 461937F91D68C4A8001008F2 /* CameraVC.swift */; };
		461937FD1D68C4A8001008F2 /* Main.storyboard in Resources */ = {isa = PBXBuildFile; fileRef = 461937FB1D68C4A8001008F2 /* Main.storyboard */; };
		461937FF1D68C4A8001008F2 /* Assets.xcassets in Resources */ = {isa = PBXBuildFile; fileRef = 461937FE1D68C4A8001008F2 /* Assets.xcassets */; };
		461938021D68C4A8001008F2 /* LaunchScreen.storyboard in Resources */ = {isa = PBXBuildFile; fileRef = 461938001D68C4A8001008F2 /* LaunchScreen.storyboard */; };
		461938101D68CE3F001008F2 /* PopUpVC.swift in Sources */ = {isa = PBXBuildFile; fileRef = 4619380E1D68CE3F001008F2 /* PopUpVC.swift */; };
		461938111D68CE3F001008F2 /* PopUpVC.xib in Resources */ = {isa = PBXBuildFile; fileRef = 4619380F1D68CE3F001008F2 /* PopUpVC.xib */; };
		461938131D68D673001008F2 /* InformationVC.swift in Sources */ = {isa = PBXBuildFile; fileRef = 461938121D68D673001008F2 /* InformationVC.swift */; };
/* End PBXBuildFile section */

/* Begin PBXFileReference section */
		461937F41D68C4A8001008F2 /* HackThe6ix.app */ = {isa = PBXFileReference; explicitFileType = wrapper.application; includeInIndex = 0; path = HackThe6ix.app; sourceTree = BUILT_PRODUCTS_DIR; };
		461937F71D68C4A8001008F2 /* AppDelegate.swift */ = {isa = PBXFileReference; lastKnownFileType = sourcecode.swift; path = AppDelegate.swift; sourceTree = "<group>"; };
		461937F91D68C4A8001008F2 /* CameraVC.swift */ = {isa = PBXFileReference; lastKnownFileType = sourcecode.swift; path = CameraVC.swift; sourceTree = "<group>"; };
		461937FC1D68C4A8001008F2 /* Base */ = {isa = PBXFileReference; lastKnownFileType = file.storyboard; name = Base; path = Base.lproj/Main.storyboard; sourceTree = "<group>"; };
		461937FE1D68C4A8001008F2 /* Assets.xcassets */ = {isa = PBXFileReference; lastKnownFileType = folder.assetcatalog; path = Assets.xcassets; sourceTree = "<group>"; };
		461938011D68C4A8001008F2 /* Base */ = {isa = PBXFileReference; lastKnownFileType = file.storyboard; name = Base; path = Base.lproj/LaunchScreen.storyboard; sourceTree = "<group>"; };
		461938031D68C4A8001008F2 /* Info.plist */ = {isa = PBXFileReference; lastKnownFileType = text.plist.xml; path = Info.plist; sourceTree = "<group>"; };
		4619380E1D68CE3F001008F2 /* PopUpVC.swift */ = {isa = PBXFileReference; fileEncoding = 4; lastKnownFileType = sourcecode.swift; path = PopUpVC.swift; sourceTree = "<group>"; };
		4619380F1D68CE3F001008F2 /* PopUpVC.xib */ = {isa = PBXFileReference; fileEncoding = 4; lastKnownFileType = file.xib; path = PopUpVC.xib; sourceTree = "<group>"; };
		461938121D68D673001008F2 /* InformationVC.swift */ = {isa = PBXFileReference; fileEncoding = 4; lastKnownFileType = sourcecode.swift; path = InformationVC.swift; sourceTree = "<group>"; };
		91C996BF8BA6E28AA09F0614 /* Pods-HackThe6ix.release.xcconfig */ = {isa = PBXFileReference; includeInIndex = 1; lastKnownFileType = text.xcconfig; name = "Pods-HackThe6ix.release.xcconfig"; path = "Pods/Target Support Files/Pods-HackThe6ix/Pods-HackThe6ix.release.xcconfig"; sourceTree = "<group>"; };
		B844BD29B1978855B619D88C /* Pods-HackThe6ix.debug.xcconfig */ = {isa = PBXFileReference; includeInIndex = 1; lastKnownFileType = text.xcconfig; name = "Pods-HackThe6ix.debug.xcconfig"; path = "Pods/Target Support Files/Pods-HackThe6ix/Pods-HackThe6ix.debug.xcconfig"; sourceTree = "<group>"; };
		F82B8E28DE4CBF25BC63A57A /* Pods_HackThe6ix.framework */ = {isa = PBXFileReference; explicitFileType = wrapper.framework; includeInIndex = 0; path = Pods_HackThe6ix.framework; sourceTree = BUILT_PRODUCTS_DIR; };
/* End PBXFileReference section */

/* Begin PBXFrameworksBuildPhase section */
		461937F11D68C4A8001008F2 /* Frameworks */ = {
			isa = PBXFrameworksBuildPhase;
			buildActionMask = 2147483647;
			files = (
				0F6244AF6D269295B1D3A5C3 /* Pods_HackThe6ix.framework in Frameworks */,
			);
			runOnlyForDeploymentPostprocessing = 0;
		};
/* End PBXFrameworksBuildPhase section */

/* Begin PBXGroup section */
		461937EB1D68C4A8001008F2 = {
			isa = PBXGroup;
			children = (
				461937F61D68C4A8001008F2 /* HackThe6ix */,
				461937F51D68C4A8001008F2 /* Products */,
				A8E5D747754C87463F86ECF0 /* Pods */,
				E9CE2E7C65BCDBE8354000E4 /* Frameworks */,
			);
			sourceTree = "<group>";
		};
		461937F51D68C4A8001008F2 /* Products */ = {
			isa = PBXGroup;
			children = (
				461937F41D68C4A8001008F2 /* HackThe6ix.app */,
			);
			name = Products;
			sourceTree = "<group>";
		};
		461937F61D68C4A8001008F2 /* HackThe6ix */ = {
			isa = PBXGroup;
			children = (
				4619380D1D68C593001008F2 /* Services */,
				4619380C1D68C58D001008F2 /* Supporting Files */,
				4619380B1D68C584001008F2 /* Controller */,
				4619380A1D68C575001008F2 /* View */,
				461938091D68C56E001008F2 /* Model */,
			);
			path = HackThe6ix;
			sourceTree = "<group>";
		};
		461938091D68C56E001008F2 /* Model */ = {
			isa = PBXGroup;
			children = (
			);
			name = Model;
			sourceTree = "<group>";
		};
		4619380A1D68C575001008F2 /* View */ = {
			isa = PBXGroup;
			children = (
				461937FB1D68C4A8001008F2 /* Main.storyboard */,
				461938001D68C4A8001008F2 /* LaunchScreen.storyboard */,
			);
			name = View;
			sourceTree = "<group>";
		};
		4619380B1D68C584001008F2 /* Controller */ = {
			isa = PBXGroup;
			children = (
				461937F91D68C4A8001008F2 /* CameraVC.swift */,
				4619380E1D68CE3F001008F2 /* PopUpVC.swift */,
				4619380F1D68CE3F001008F2 /* PopUpVC.xib */,
				461938121D68D673001008F2 /* InformationVC.swift */,
			);
			name = Controller;
			sourceTree = "<group>";
		};
		4619380C1D68C58D001008F2 /* Supporting Files */ = {
			isa = PBXGroup;
			children = (
				461937F71D68C4A8001008F2 /* AppDelegate.swift */,
				461937FE1D68C4A8001008F2 /* Assets.xcassets */,
				461938031D68C4A8001008F2 /* Info.plist */,
			);
			name = "Supporting Files";
			sourceTree = "<group>";
		};
		4619380D1D68C593001008F2 /* Services */ = {
			isa = PBXGroup;
			children = (
			);
			name = Services;
			sourceTree = "<group>";
		};
		A8E5D747754C87463F86ECF0 /* Pods */ = {
			isa = PBXGroup;
			children = (
				B844BD29B1978855B619D88C /* Pods-HackThe6ix.debug.xcconfig */,
				91C996BF8BA6E28AA09F0614 /* Pods-HackThe6ix.release.xcconfig */,
			);
			name = Pods;
			sourceTree = "<group>";
		};
		E9CE2E7C65BCDBE8354000E4 /* Frameworks */ = {
			isa = PBXGroup;
			children = (
				F82B8E28DE4CBF25BC63A57A /* Pods_HackThe6ix.framework */,
			);
			name = Frameworks;
			sourceTree = "<group>";
		};
/* End PBXGroup section */

/* Begin PBXNativeTarget section */
		461937F31D68C4A8001008F2 /* HackThe6ix */ = {
			isa = PBXNativeTarget;
			buildConfigurationList = 461938061D68C4A8001008F2 /* Build configuration list for PBXNativeTarget "HackThe6ix" */;
			buildPhases = (
				C023F5029B1CA75548B7A2E0 /* [CP] Check Pods Manifest.lock */,
				461937F01D68C4A8001008F2 /* Sources */,
				461937F11D68C4A8001008F2 /* Frameworks */,
				461937F21D68C4A8001008F2 /* Resources */,
				32582ADD475F11FAFE44D6EE /* [CP] Embed Pods Frameworks */,
				14230831452CBFA4E309D6B2 /* [CP] Copy Pods Resources */,
			);
			buildRules = (
			);
			dependencies = (
			);
			name = HackThe6ix;
			productName = HackThe6ix;
			productReference = 461937F41D68C4A8001008F2 /* HackThe6ix.app */;
			productType = "com.apple.product-type.application";
		};
/* End PBXNativeTarget section */

/* Begin PBXProject section */
		461937EC1D68C4A8001008F2 /* Project object */ = {
			isa = PBXProject;
			attributes = {
				LastSwiftUpdateCheck = 0730;
				LastUpgradeCheck = 0730;
				ORGANIZATIONNAME = "Alex Nguyen";
				TargetAttributes = {
					461937F31D68C4A8001008F2 = {
						CreatedOnToolsVersion = 7.3.1;
						DevelopmentTeam = ZY7497MHJE;
					};
				};
			};
			buildConfigurationList = 461937EF1D68C4A8001008F2 /* Build configuration list for PBXProject "HackThe6ix" */;
			compatibilityVersion = "Xcode 3.2";
			developmentRegion = English;
			hasScannedForEncodings = 0;
			knownRegions = (
				en,
				Base,
			);
			mainGroup = 461937EB1D68C4A8001008F2;
			productRefGroup = 461937F51D68C4A8001008F2 /* Products */;
			projectDirPath = "";
			projectRoot = "";
			targets = (
				461937F31D68C4A8001008F2 /* HackThe6ix */,
			);
		};
/* End PBXProject section */

/* Begin PBXResourcesBuildPhase section */
		461937F21D68C4A8001008F2 /* Resources */ = {
			isa = PBXResourcesBuildPhase;
			buildActionMask = 2147483647;
			files = (
				461938021D68C4A8001008F2 /* LaunchScreen.storyboard in Resources */,
				461938111D68CE3F001008F2 /* PopUpVC.xib in Resources */,
				461937FF1D68C4A8001008F2 /* Assets.xcassets in Resources */,
				461937FD1D68C4A8001008F2 /* Main.storyboard in Resources */,
			);
			runOnlyForDeploymentPostprocessing = 0;
		};
/* End PBXResourcesBuildPhase section */

/* Begin PBXShellScriptBuildPhase section */
		14230831452CBFA4E309D6B2 /* [CP] Copy Pods Resources */ = {
			isa = PBXShellScriptBuildPhase;
			buildActionMask = 2147483647;
			files = (
			);
			inputPaths = (
			);
			name = "[CP] Copy Pods Resources";
			outputPaths = (
			);
			runOnlyForDeploymentPostprocessing = 0;
			shellPath = /bin/sh;
			shellScript = "\"${SRCROOT}/Pods/Target Support Files/Pods-HackThe6ix/Pods-HackThe6ix-resources.sh\"\n";
			showEnvVarsInLog = 0;
		};
		32582ADD475F11FAFE44D6EE /* [CP] Embed Pods Frameworks */ = {
			isa = PBXShellScriptBuildPhase;
			buildActionMask = 2147483647;
			files = (
			);
			inputPaths = (
			);
			name = "[CP] Embed Pods Frameworks";
			outputPaths = (
			);
			runOnlyForDeploymentPostprocessing = 0;
			shellPath = /bin/sh;
			shellScript = "\"${SRCROOT}/Pods/Target Support Files/Pods-HackThe6ix/Pods-HackThe6ix-frameworks.sh\"\n";
			showEnvVarsInLog = 0;
		};
		C023F5029B1CA75548B7A2E0 /* [CP] Check Pods Manifest.lock */ = {
			isa = PBXShellScriptBuildPhase;
			buildActionMask = 2147483647;
			files = (
			);
			inputPaths = (
			);
			name = "[CP] Check Pods Manifest.lock";
			outputPaths = (
			);
			runOnlyForDeploymentPostprocessing = 0;
			shellPath = /bin/sh;
			shellScript = "diff \"${PODS_ROOT}/../Podfile.lock\" \"${PODS_ROOT}/Manifest.lock\" > /dev/null\nif [[ $? != 0 ]] ; then\n    cat << EOM\nerror: The sandbox is not in sync with the Podfile.lock. Run 'pod install' or update your CocoaPods installation.\nEOM\n    exit 1\nfi\n";
			showEnvVarsInLog = 0;
		};
/* End PBXShellScriptBuildPhase section */

/* Begin PBXSourcesBuildPhase section */
		461937F01D68C4A8001008F2 /* Sources */ = {
			isa = PBXSourcesBuildPhase;
			buildActionMask = 2147483647;
			files = (
				461938101D68CE3F001008F2 /* PopUpVC.swift in Sources */,
				461938131D68D673001008F2 /* InformationVC.swift in Sources */,
				461937FA1D68C4A8001008F2 /* CameraVC.swift in Sources */,
				461937F81D68C4A8001008F2 /* AppDelegate.swift in Sources */,
			);
			runOnlyForDeploymentPostprocessing = 0;
		};
/* End PBXSourcesBuildPhase section */

/* Begin PBXVariantGroup section */
		461937FB1D68C4A8001008F2 /* Main.storyboard */ = {
			isa = PBXVariantGroup;
			children = (
				461937FC1D68C4A8001008F2 /* Base */,
			);
			name = Main.storyboard;
			sourceTree = "<group>";
		};
		461938001D68C4A8001008F2 /* LaunchScreen.storyboard */ = {
			isa = PBXVariantGroup;
			children = (
				461938011D68C4A8001008F2 /* Base */,
			);
			name = LaunchScreen.storyboard;
			sourceTree = "<group>";
		};
/* End PBXVariantGroup section */

/* Begin XCBuildConfiguration section */
		461938041D68C4A8001008F2 /* Debug */ = {
			isa = XCBuildConfiguration;
			buildSettings = {
				ALWAYS_SEARCH_USER_PATHS = NO;
				CLANG_ANALYZER_NONNULL = YES;
				CLANG_CXX_LANGUAGE_STANDARD = "gnu++0x";
				CLANG_CXX_LIBRARY = "libc++";
				CLANG_ENABLE_MODULES = YES;
				CLANG_ENABLE_OBJC_ARC = YES;
				CLANG_WARN_BOOL_CONVERSION = YES;
				CLANG_WARN_CONSTANT_CONVERSION = YES;
				CLANG_WARN_DIRECT_OBJC_ISA_USAGE = YES_ERROR;
				CLANG_WARN_EMPTY_BODY = YES;
				CLANG_WARN_ENUM_CONVERSION = YES;
				CLANG_WARN_INT_CONVERSION = YES;
				CLANG_WARN_OBJC_ROOT_CLASS = YES_ERROR;
				CLANG_WARN_UNREACHABLE_CODE = YES;
				CLANG_WARN__DUPLICATE_METHOD_MATCH = YES;
				"CODE_SIGN_IDENTITY[sdk=iphoneos*]" = "iPhone Developer";
				COPY_PHASE_STRIP = NO;
				DEBUG_INFORMATION_FORMAT = dwarf;
				ENABLE_STRICT_OBJC_MSGSEND = YES;
				ENABLE_TESTABILITY = YES;
				GCC_C_LANGUAGE_STANDARD = gnu99;
				GCC_DYNAMIC_NO_PIC = NO;
				GCC_NO_COMMON_BLOCKS = YES;
				GCC_OPTIMIZATION_LEVEL = 0;
				GCC_PREPROCESSOR_DEFINITIONS = (
					"DEBUG=1",
					"$(inherited)",
				);
				GCC_WARN_64_TO_32_BIT_CONVERSION = YES;
				GCC_WARN_ABOUT_RETURN_TYPE = YES_ERROR;
				GCC_WARN_UNDECLARED_SELECTOR = YES;
				GCC_WARN_UNINITIALIZED_AUTOS = YES_AGGRESSIVE;
				GCC_WARN_UNUSED_FUNCTION = YES;
				GCC_WARN_UNUSED_VARIABLE = YES;
				IPHONEOS_DEPLOYMENT_TARGET = 9.3;
				MTL_ENABLE_DEBUG_INFO = YES;
				ONLY_ACTIVE_ARCH = YES;
				SDKROOT = iphoneos;
				SWIFT_OPTIMIZATION_LEVEL = "-Onone";
			};
			name = Debug;
		};
		461938051D68C4A8001008F2 /* Release */ = {
			isa = XCBuildConfiguration;
			buildSettings = {
				ALWAYS_SEARCH_USER_PATHS = NO;
				CLANG_ANALYZER_NONNULL = YES;
				CLANG_CXX_LANGUAGE_STANDARD = "gnu++0x";
				CLANG_CXX_LIBRARY = "libc++";
				CLANG_ENABLE_MODULES = YES;
				CLANG_ENABLE_OBJC_ARC = YES;
				CLANG_WARN_BOOL_CONVERSION = YES;
				CLANG_WARN_CONSTANT_CONVERSION = YES;
				CLANG_WARN_DIRECT_OBJC_ISA_USAGE = YES_ERROR;
				CLANG_WARN_EMPTY_BODY = YES;
				CLANG_WARN_ENUM_CONVERSION = YES;
				CLANG_WARN_INT_CONVERSION = YES;
				CLANG_WARN_OBJC_ROOT_CLASS = YES_ERROR;
				CLANG_WARN_UNREACHABLE_CODE = YES;
				CLANG_WARN__DUPLICATE_METHOD_MATCH = YES;
				"CODE_SIGN_IDENTITY[sdk=iphoneos*]" = "iPhone Developer";
				COPY_PHASE_STRIP = NO;
				DEBUG_INFORMATION_FORMAT = "dwarf-with-dsym";
				ENABLE_NS_ASSERTIONS = NO;
				ENABLE_STRICT_OBJC_MSGSEND = YES;
				GCC_C_LANGUAGE_STANDARD = gnu99;
				GCC_NO_COMMON_BLOCKS = YES;
				GCC_WARN_64_TO_32_BIT_CONVERSION = YES;
				GCC_WARN_ABOUT_RETURN_TYPE = YES_ERROR;
				GCC_WARN_UNDECLARED_SELECTOR = YES;
				GCC_WARN_UNINITIALIZED_AUTOS = YES_AGGRESSIVE;
				GCC_WARN_UNUSED_FUNCTION = YES;
				GCC_WARN_UNUSED_VARIABLE = YES;
				IPHONEOS_DEPLOYMENT_TARGET = 9.3;
				MTL_ENABLE_DEBUG_INFO = NO;
				SDKROOT = iphoneos;
				VALIDATE_PRODUCT = YES;
			};
			name = Release;
		};
		461938071D68C4A8001008F2 /* Debug */ = {
			isa = XCBuildConfiguration;
			baseConfigurationReference = B844BD29B1978855B619D88C /* Pods-HackThe6ix.debug.xcconfig */;
			buildSettings = {
				ASSETCATALOG_COMPILER_APPICON_NAME = AppIcon;
				CODE_SIGN_IDENTITY = "iPhone Developer";
				INFOPLIST_FILE = HackThe6ix/Info.plist;
				LD_RUNPATH_SEARCH_PATHS = "$(inherited) @executable_path/Frameworks";
				PRODUCT_BUNDLE_IDENTIFIER = com.itsAlexNguyen.HackThe6ix;
				PRODUCT_NAME = "$(TARGET_NAME)";
			};
			name = Debug;
		};
		461938081D68C4A8001008F2 /* Release */ = {
			isa = XCBuildConfiguration;
			baseConfigurationReference = 91C996BF8BA6E28AA09F0614 /* Pods-HackThe6ix.release.xcconfig */;
			buildSettings = {
				ASSETCATALOG_COMPILER_APPICON_NAME = AppIcon;
				CODE_SIGN_IDENTITY = "iPhone Developer";
				INFOPLIST_FILE = HackThe6ix/Info.plist;
				LD_RUNPATH_SEARCH_PATHS = "$(inherited) @executable_path/Frameworks";
				PRODUCT_BUNDLE_IDENTIFIER = com.itsAlexNguyen.HackThe6ix;
				PRODUCT_NAME = "$(TARGET_NAME)";
			};
			name = Release;
		};
/* End XCBuildConfiguration section */

/* Begin XCConfigurationList section */
		461937EF1D68C4A8001008F2 /* Build configuration list for PBXProject "HackThe6ix" */ = {
			isa = XCConfigurationList;
			buildConfigurations = (
				461938041D68C4A8001008F2 /* Debug */,
				461938051D68C4A8001008F2 /* Release */,
			);
			defaultConfigurationIsVisible = 0;
			defaultConfigurationName = Release;
		};
		461938061D68C4A8001008F2 /* Build configuration list for PBXNativeTarget "HackThe6ix" */ = {
			isa = XCConfigurationList;
			buildConfigurations = (
				461938071D68C4A8001008F2 /* Debug */,
				461938081D68C4A8001008F2 /* Release */,
			);
			defaultConfigurationIsVisible = 0;
			defaultConfigurationName = Release;
		};
/* End XCConfigurationList section */
	};
	rootObject = 461937EC1D68C4A8001008F2 /* Project object */;
}
